
Microsoft Visual Studio Solution File, Format Version 12.00
# Visual Studio 14
VisualStudioVersion = 14.0.25123.0
MinimumVisualStudioVersion = 10.0.40219.1
Project("{FAE04EC0-301F-11D3-BF4B-00C04F79EFBC}") = "GameRouteManager", "GameRouteManager\GameRouteManager.csproj", "{C9E20A81-47A4-4396-990A-20831CDEA86F}"
EndProject
Project("{FAE04EC0-301F-11D3-BF4B-00C04F79EFBC}") = "GameRouteManager.Tests", "GameRouteManager.Tests\GameRouteManager.Tests.csproj", "{9E042950-61C9-415E-A8EA-323054552A92}"
EndProject
Global
	GlobalSection(SolutionConfigurationPlatforms) = preSolution
		Debug|Any CPU = Debug|Any CPU
		Release|Any CPU = Release|Any CPU
	EndGlobalSection
	GlobalSection(ProjectConfigurationPlatforms) = postSolution
		{C9E20A81-47A4-4396-990A-20831CDEA86F}.Debug|Any CPU.ActiveCfg = Debug|Any CPU
		{C9E20A81-47A4-4396-990A-20831CDEA86F}.Debug|Any CPU.Build.0 = Debug|Any CPU
		{C9E20A81-47A4-4396-990A-20831CDEA86F}.Release|Any CPU.ActiveCfg = Release|Any CPU
		{C9E20A81-47A4-4396-990A-20831CDEA86F}.Release|Any CPU.Build.0 = Release|Any CPU
		{9E042950-61C9-415E-A8EA-323054552A92}.Debug|Any CPU.ActiveCfg = Debug|Any CPU
		{9E042950-61C9-415E-A8EA-323054552A92}.Debug|Any CPU.Build.0 = Debug|Any CPU
		{9E042950-61C9-415E-A8EA-323054552A92}.Release|Any CPU.ActiveCfg = Release|Any CPU
		{9E042950-61C9-415E-A8EA-323054552A92}.Release|Any CPU.Build.0 = Release|Any CPU
	EndGlobalSection
	GlobalSection(SolutionProperties) = preSolution
		HideSolutionNode = FALSE
	EndGlobalSection
EndGlobal
